
Microsoft Visual Studio Solution File, Format Version 12.00
# Visual Studio Version 17
VisualStudioVersion = 17.4.32916.344
MinimumVisualStudioVersion = 10.0.40219.1
Project("{9A19103F-16F7-4668-BE54-9A1E7A4F7556}") = "WordSearchWebApplication", "WordSearchWebApplication.csproj", "{733E5A37-82F0-4CEA-B622-CFB960C57A7F}"
EndProject
Project("{2150E333-8FDC-42A3-9474-1A3956D46DE8}") = "Solution Items", "Solution Items", "{7587A37A-4140-43DB-8E4F-23D622AF979C}"
	ProjectSection(SolutionItems) = preProject
		Readme.md = Readme.md
	EndProjectSection
EndProject
Global
	GlobalSection(SolutionConfigurationPlatforms) = preSolution
		Debug|Any CPU = Debug|Any CPU
		Release|Any CPU = Release|Any CPU
	EndGlobalSection
	GlobalSection(ProjectConfigurationPlatforms) = postSolution
		{733E5A37-82F0-4CEA-B622-CFB960C57A7F}.Debug|Any CPU.ActiveCfg = Debug|Any CPU
		{733E5A37-82F0-4CEA-B622-CFB960C57A7F}.Debug|Any CPU.Build.0 = Debug|Any CPU
		{733E5A37-82F0-4CEA-B622-CFB960C57A7F}.Release|Any CPU.ActiveCfg = Release|Any CPU
		{733E5A37-82F0-4CEA-B622-CFB960C57A7F}.Release|Any CPU.Build.0 = Release|Any CPU
	EndGlobalSection
	GlobalSection(SolutionProperties) = preSolution
		HideSolutionNode = FALSE
	EndGlobalSection
	GlobalSection(ExtensibilityGlobals) = postSolution
		SolutionGuid = {AB88C08E-C698-4188-9BE6-2EC531E914A6}
	EndGlobalSection
EndGlobal
